// !$*UTF8*$!
{
	archiveVersion = 1;
	classes = {
	};
	objectVersion = 56;
	objects = {

/* Begin PBXBuildFile section */
		140465C12A0BBC8D009B3655 /* Sentiment.storyboard in Resources */ = {isa = PBXBuildFile; fileRef = 140465C02A0BBC8D009B3655 /* Sentiment.storyboard */; };
		140465C32A0BBCE9009B3655 /* SentimentVC.swift in Sources */ = {isa = PBXBuildFile; fileRef = 140465C22A0BBCE9009B3655 /* SentimentVC.swift */; };
		140465C52A0BC784009B3655 /* Tweet.swift in Sources */ = {isa = PBXBuildFile; fileRef = 140465C42A0BC784009B3655 /* Tweet.swift */; };
		140465C72A0BC956009B3655 /* Sentiment.swift in Sources */ = {isa = PBXBuildFile; fileRef = 140465C62A0BC956009B3655 /* Sentiment.swift */; };
		140646172A06823A0060A450 /* Login.storyboard in Resources */ = {isa = PBXBuildFile; fileRef = 140646162A06823A0060A450 /* Login.storyboard */; };
		140646192A0682710060A450 /* LoginVC.swift in Sources */ = {isa = PBXBuildFile; fileRef = 140646182A0682710060A450 /* LoginVC.swift */; };
		1411AF632A03A95500CBE4EF /* Lobster-Regular.ttf in Resources */ = {isa = PBXBuildFile; fileRef = 1411AF622A03A95500CBE4EF /* Lobster-Regular.ttf */; };
		141E4A422A056AFE00E58411 /* OnboardingVC.swift in Sources */ = {isa = PBXBuildFile; fileRef = 141E4A412A056AFE00E58411 /* OnboardingVC.swift */; };
		142C5B8D2A067BCD00F0F6E6 /* Extension.swift in Sources */ = {isa = PBXBuildFile; fileRef = 142C5B8C2A067BCD00F0F6E6 /* Extension.swift */; };
		144B44DC2A0D4A7800BDA00F /* NoRecordsView.xib in Resources */ = {isa = PBXBuildFile; fileRef = 144B44DB2A0D4A7800BDA00F /* NoRecordsView.xib */; };
		144B44E02A0D4F9F00BDA00F /* NoRecordsView.swift in Sources */ = {isa = PBXBuildFile; fileRef = 144B44DF2A0D4F9F00BDA00F /* NoRecordsView.swift */; };
		144B44EE2A0DF3CE00BDA00F /* PastRecords.storyboard in Resources */ = {isa = PBXBuildFile; fileRef = 144B44ED2A0DF3CE00BDA00F /* PastRecords.storyboard */; };
		144B44F02A0DF3E800BDA00F /* PastRecordsVC.swift in Sources */ = {isa = PBXBuildFile; fileRef = 144B44EF2A0DF3E800BDA00F /* PastRecordsVC.swift */; };
		145B6DC22A0FF5F80082A87F /* Assets.xcassets in Resources */ = {isa = PBXBuildFile; fileRef = 14B82F9F29FA85960085FCAB /* Assets.xcassets */; };
		147527E82A0D037100DBB4A3 /* Swifter in Frameworks */ = {isa = PBXBuildFile; productRef = 147527E72A0D037100DBB4A3 /* Swifter */; };
		147527EA2A0D037100DBB4A3 /* Example in Frameworks */ = {isa = PBXBuildFile; productRef = 147527E92A0D037100DBB4A3 /* Example */; };
		147527FD2A0D04BF00DBB4A3 /* SwifteriOS.framework in Frameworks */ = {isa = PBXBuildFile; fileRef = 147527F42A0D049200DBB4A3 /* SwifteriOS.framework */; };
		147527FE2A0D04BF00DBB4A3 /* SwifteriOS.framework in Embed Frameworks */ = {isa = PBXBuildFile; fileRef = 147527F42A0D049200DBB4A3 /* SwifteriOS.framework */; settings = {ATTRIBUTES = (CodeSignOnCopy, RemoveHeadersOnCopy, ); }; };
		1475280F2A0D05F700DBB4A3 /* TweetSentimentClassifier.mlpackage in Sources */ = {isa = PBXBuildFile; fileRef = 1475280E2A0D05F700DBB4A3 /* TweetSentimentClassifier.mlpackage */; };
		148DCBB22A065E6300FE18C5 /* Onboarding.storyboard in Resources */ = {isa = PBXBuildFile; fileRef = 148DCBB12A065E6300FE18C5 /* Onboarding.storyboard */; };
		148DCBB42A065F0600FE18C5 /* TSBaseVC.swift in Sources */ = {isa = PBXBuildFile; fileRef = 148DCBB32A065F0600FE18C5 /* TSBaseVC.swift */; };
		1499250B2A0E963000B0EDF6 /* PastRecordsTVC.swift in Sources */ = {isa = PBXBuildFile; fileRef = 149925092A0E963000B0EDF6 /* PastRecordsTVC.swift */; };
		1499250C2A0E963000B0EDF6 /* PastRecordsTVC.xib in Resources */ = {isa = PBXBuildFile; fileRef = 1499250A2A0E963000B0EDF6 /* PastRecordsTVC.xib */; };
		14B7C31A2A06509C003C8A75 /* SignUp.storyboard in Resources */ = {isa = PBXBuildFile; fileRef = 14B7C3192A06509C003C8A75 /* SignUp.storyboard */; };
		14B7C31C2A065118003C8A75 /* SignUpVC.swift in Sources */ = {isa = PBXBuildFile; fileRef = 14B7C31B2A065118003C8A75 /* SignUpVC.swift */; };
		14B82F9729FA85940085FCAB /* AppDelegate.swift in Sources */ = {isa = PBXBuildFile; fileRef = 14B82F9629FA85940085FCAB /* AppDelegate.swift */; };
		14B82F9929FA85940085FCAB /* SceneDelegate.swift in Sources */ = {isa = PBXBuildFile; fileRef = 14B82F9829FA85940085FCAB /* SceneDelegate.swift */; };
		14B82F9B29FA85940085FCAB /* AppLauncherVC.swift in Sources */ = {isa = PBXBuildFile; fileRef = 14B82F9A29FA85940085FCAB /* AppLauncherVC.swift */; };
		14B82F9E29FA85940085FCAB /* AppLaunch.storyboard in Resources */ = {isa = PBXBuildFile; fileRef = 14B82F9C29FA85940085FCAB /* AppLaunch.storyboard */; };
		14B82FA329FA85960085FCAB /* LaunchScreen.storyboard in Resources */ = {isa = PBXBuildFile; fileRef = 14B82FA129FA85960085FCAB /* LaunchScreen.storyboard */; };
		14B82FAB29FA872A0085FCAB /* GoogleService-Info.plist in Resources */ = {isa = PBXBuildFile; fileRef = 14B82FAA29FA872A0085FCAB /* GoogleService-Info.plist */; };
		14C1FE192A0E443A003DA56C /* Config.plist in Resources */ = {isa = PBXBuildFile; fileRef = 14C1FE182A0E443A003DA56C /* Config.plist */; };
		41C9610B8489C202789C9063 /* Pods_tweetSenti.framework in Frameworks */ = {isa = PBXBuildFile; fileRef = F862FC3A9E473F0085C153D2 /* Pods_tweetSenti.framework */; };
/* End PBXBuildFile section */

/* Begin PBXContainerItemProxy section */
		147527F32A0D049200DBB4A3 /* PBXContainerItemProxy */ = {
			isa = PBXContainerItemProxy;
			containerPortal = 147527EB2A0D049200DBB4A3 /* Swifter.xcodeproj */;
			proxyType = 2;
			remoteGlobalIDString = 8B9F50EE1944A5AB00894629;
			remoteInfo = SwifteriOS;
		};
		147527F52A0D049200DBB4A3 /* PBXContainerItemProxy */ = {
			isa = PBXContainerItemProxy;
			containerPortal = 147527EB2A0D049200DBB4A3 /* Swifter.xcodeproj */;
			proxyType = 2;
			remoteGlobalIDString = 8B9F51131944A61D00894629;
			remoteInfo = SwifterMac;
		};
		147527F72A0D049200DBB4A3 /* PBXContainerItemProxy */ = {
			isa = PBXContainerItemProxy;
			containerPortal = 147527EB2A0D049200DBB4A3 /* Swifter.xcodeproj */;
			proxyType = 2;
			remoteGlobalIDString = 8B300C1F1944AA1A00993175;
			remoteInfo = SwifterDemoiOS;
		};
		147527F92A0D049200DBB4A3 /* PBXContainerItemProxy */ = {
			isa = PBXContainerItemProxy;
			containerPortal = 147527EB2A0D049200DBB4A3 /* Swifter.xcodeproj */;
			proxyType = 2;
			remoteGlobalIDString = 8B300C471944AECB00993175;
			remoteInfo = SwifterDemoMac;
		};
		147527FB2A0D049200DBB4A3 /* PBXContainerItemProxy */ = {
			isa = PBXContainerItemProxy;
			containerPortal = 147527EB2A0D049200DBB4A3 /* Swifter.xcodeproj */;
			proxyType = 2;
			remoteGlobalIDString = F6B4D5751C7BAC4500E06514;
			remoteInfo = SwifterTests;
		};
/* End PBXContainerItemProxy section */

/* Begin PBXCopyFilesBuildPhase section */
		147527FF2A0D04BF00DBB4A3 /* Embed Frameworks */ = {
			isa = PBXCopyFilesBuildPhase;
			buildActionMask = 2147483647;
			dstPath = "";
			dstSubfolderSpec = 10;
			files = (
				147527FE2A0D04BF00DBB4A3 /* SwifteriOS.framework in Embed Frameworks */,
			);
			name = "Embed Frameworks";
			runOnlyForDeploymentPostprocessing = 0;
		};
/* End PBXCopyFilesBuildPhase section */

/* Begin PBXFileReference section */
		140465C02A0BBC8D009B3655 /* Sentiment.storyboard */ = {isa = PBXFileReference; lastKnownFileType = file.storyboard; path = Sentiment.storyboard; sourceTree = "<group>"; };
		140465C22A0BBCE9009B3655 /* SentimentVC.swift */ = {isa = PBXFileReference; lastKnownFileType = sourcecode.swift; path = SentimentVC.swift; sourceTree = "<group>"; };
		140465C42A0BC784009B3655 /* Tweet.swift */ = {isa = PBXFileReference; lastKnownFileType = sourcecode.swift; path = Tweet.swift; sourceTree = "<group>"; };
		140465C62A0BC956009B3655 /* Sentiment.swift */ = {isa = PBXFileReference; lastKnownFileType = sourcecode.swift; path = Sentiment.swift; sourceTree = "<group>"; };
		140646162A06823A0060A450 /* Login.storyboard */ = {isa = PBXFileReference; lastKnownFileType = file.storyboard; path = Login.storyboard; sourceTree = "<group>"; };
		140646182A0682710060A450 /* LoginVC.swift */ = {isa = PBXFileReference; lastKnownFileType = sourcecode.swift; path = LoginVC.swift; sourceTree = "<group>"; };
		1411AF622A03A95500CBE4EF /* Lobster-Regular.ttf */ = {isa = PBXFileReference; lastKnownFileType = file; path = "Lobster-Regular.ttf"; sourceTree = "<group>"; };
		141E4A412A056AFE00E58411 /* OnboardingVC.swift */ = {isa = PBXFileReference; lastKnownFileType = sourcecode.swift; path = OnboardingVC.swift; sourceTree = "<group>"; };
		142C5B8C2A067BCD00F0F6E6 /* Extension.swift */ = {isa = PBXFileReference; lastKnownFileType = sourcecode.swift; path = Extension.swift; sourceTree = "<group>"; };
		144B44DB2A0D4A7800BDA00F /* NoRecordsView.xib */ = {isa = PBXFileReference; lastKnownFileType = file.xib; path = NoRecordsView.xib; sourceTree = "<group>"; };
		144B44DF2A0D4F9F00BDA00F /* NoRecordsView.swift */ = {isa = PBXFileReference; lastKnownFileType = sourcecode.swift; path = NoRecordsView.swift; sourceTree = "<group>"; };
		144B44ED2A0DF3CE00BDA00F /* PastRecords.storyboard */ = {isa = PBXFileReference; lastKnownFileType = file.storyboard; path = PastRecords.storyboard; sourceTree = "<group>"; };
		144B44EF2A0DF3E800BDA00F /* PastRecordsVC.swift */ = {isa = PBXFileReference; lastKnownFileType = sourcecode.swift; path = PastRecordsVC.swift; sourceTree = "<group>"; };
		147527EB2A0D049200DBB4A3 /* Swifter.xcodeproj */ = {isa = PBXFileReference; lastKnownFileType = "wrapper.pb-project"; name = Swifter.xcodeproj; path = ../Swifter/Swifter.xcodeproj; sourceTree = "<group>"; };
		1475280E2A0D05F700DBB4A3 /* TweetSentimentClassifier.mlpackage */ = {isa = PBXFileReference; lastKnownFileType = folder.mlpackage; path = TweetSentimentClassifier.mlpackage; sourceTree = SOURCE_ROOT; };
		148DCBB12A065E6300FE18C5 /* Onboarding.storyboard */ = {isa = PBXFileReference; lastKnownFileType = file.storyboard; path = Onboarding.storyboard; sourceTree = "<group>"; };
		148DCBB32A065F0600FE18C5 /* TSBaseVC.swift */ = {isa = PBXFileReference; lastKnownFileType = sourcecode.swift; path = TSBaseVC.swift; sourceTree = "<group>"; };
		149925092A0E963000B0EDF6 /* PastRecordsTVC.swift */ = {isa = PBXFileReference; lastKnownFileType = sourcecode.swift; path = PastRecordsTVC.swift; sourceTree = "<group>"; };
		1499250A2A0E963000B0EDF6 /* PastRecordsTVC.xib */ = {isa = PBXFileReference; lastKnownFileType = file.xib; path = PastRecordsTVC.xib; sourceTree = "<group>"; };
		14B7C3192A06509C003C8A75 /* SignUp.storyboard */ = {isa = PBXFileReference; lastKnownFileType = file.storyboard; path = SignUp.storyboard; sourceTree = "<group>"; };
		14B7C31B2A065118003C8A75 /* SignUpVC.swift */ = {isa = PBXFileReference; lastKnownFileType = sourcecode.swift; path = SignUpVC.swift; sourceTree = "<group>"; };
		14B82F9329FA85940085FCAB /* tweetSenti.app */ = {isa = PBXFileReference; explicitFileType = wrapper.application; includeInIndex = 0; path = tweetSenti.app; sourceTree = BUILT_PRODUCTS_DIR; };
		14B82F9629FA85940085FCAB /* AppDelegate.swift */ = {isa = PBXFileReference; lastKnownFileType = sourcecode.swift; path = AppDelegate.swift; sourceTree = "<group>"; };
		14B82F9829FA85940085FCAB /* SceneDelegate.swift */ = {isa = PBXFileReference; lastKnownFileType = sourcecode.swift; path = SceneDelegate.swift; sourceTree = "<group>"; };
		14B82F9A29FA85940085FCAB /* AppLauncherVC.swift */ = {isa = PBXFileReference; lastKnownFileType = sourcecode.swift; path = AppLauncherVC.swift; sourceTree = "<group>"; };
		14B82F9D29FA85940085FCAB /* Base */ = {isa = PBXFileReference; lastKnownFileType = file.storyboard; name = Base; path = Base.lproj/AppLaunch.storyboard; sourceTree = "<group>"; };
		14B82F9F29FA85960085FCAB /* Assets.xcassets */ = {isa = PBXFileReference; lastKnownFileType = folder.assetcatalog; path = Assets.xcassets; sourceTree = "<group>"; };
		14B82FA229FA85960085FCAB /* Base */ = {isa = PBXFileReference; lastKnownFileType = file.storyboard; name = Base; path = Base.lproj/LaunchScreen.storyboard; sourceTree = "<group>"; };
		14B82FA429FA85960085FCAB /* Info.plist */ = {isa = PBXFileReference; lastKnownFileType = text.plist.xml; path = Info.plist; sourceTree = "<group>"; };
		14B82FAA29FA872A0085FCAB /* GoogleService-Info.plist */ = {isa = PBXFileReference; fileEncoding = 4; lastKnownFileType = text.plist.xml; path = "GoogleService-Info.plist"; sourceTree = "<group>"; };
		14C1FE182A0E443A003DA56C /* Config.plist */ = {isa = PBXFileReference; lastKnownFileType = text.plist.xml; path = Config.plist; sourceTree = "<group>"; };
		97F6A2D9964A9B5A08290731 /* Pods-tweetSenti.release.xcconfig */ = {isa = PBXFileReference; includeInIndex = 1; lastKnownFileType = text.xcconfig; name = "Pods-tweetSenti.release.xcconfig"; path = "Target Support Files/Pods-tweetSenti/Pods-tweetSenti.release.xcconfig"; sourceTree = "<group>"; };
		F035AF1F04CDF202DF153E16 /* Pods-tweetSenti.debug.xcconfig */ = {isa = PBXFileReference; includeInIndex = 1; lastKnownFileType = text.xcconfig; name = "Pods-tweetSenti.debug.xcconfig"; path = "Target Support Files/Pods-tweetSenti/Pods-tweetSenti.debug.xcconfig"; sourceTree = "<group>"; };
		F862FC3A9E473F0085C153D2 /* Pods_tweetSenti.framework */ = {isa = PBXFileReference; explicitFileType = wrapper.framework; includeInIndex = 0; path = Pods_tweetSenti.framework; sourceTree = BUILT_PRODUCTS_DIR; };
/* End PBXFileReference section */

/* Begin PBXFrameworksBuildPhase section */
		14B82F9029FA85940085FCAB /* Frameworks */ = {
			isa = PBXFrameworksBuildPhase;
			buildActionMask = 2147483647;
			files = (
				147527EA2A0D037100DBB4A3 /* Example in Frameworks */,
				41C9610B8489C202789C9063 /* Pods_tweetSenti.framework in Frameworks */,
				147527E82A0D037100DBB4A3 /* Swifter in Frameworks */,
				147527FD2A0D04BF00DBB4A3 /* SwifteriOS.framework in Frameworks */,
			);
			runOnlyForDeploymentPostprocessing = 0;
		};
/* End PBXFrameworksBuildPhase section */

/* Begin PBXGroup section */
		140E7E872A03B27800ECC289 /* Controllers */ = {
			isa = PBXGroup;
			children = (
				14B82F9A29FA85940085FCAB /* AppLauncherVC.swift */,
				141E4A412A056AFE00E58411 /* OnboardingVC.swift */,
				14B7C31B2A065118003C8A75 /* SignUpVC.swift */,
				140646182A0682710060A450 /* LoginVC.swift */,
				140465C22A0BBCE9009B3655 /* SentimentVC.swift */,
				144B44EF2A0DF3E800BDA00F /* PastRecordsVC.swift */,
			);
			path = Controllers;
			sourceTree = "<group>";
		};
		140E7E882A03B28100ECC289 /* Views */ = {
			isa = PBXGroup;
			children = (
				14B82F9C29FA85940085FCAB /* AppLaunch.storyboard */,
				148DCBB12A065E6300FE18C5 /* Onboarding.storyboard */,
				14B7C3192A06509C003C8A75 /* SignUp.storyboard */,
				140646162A06823A0060A450 /* Login.storyboard */,
				140465C02A0BBC8D009B3655 /* Sentiment.storyboard */,
				144B44ED2A0DF3CE00BDA00F /* PastRecords.storyboard */,
			);
			path = Views;
			sourceTree = "<group>";
		};
		140E7E892A03B28B00ECC289 /* Models */ = {
			isa = PBXGroup;
			children = (
				144B44DE2A0D4F8300BDA00F /* Views */,
				148DCBB32A065F0600FE18C5 /* TSBaseVC.swift */,
				142C5B8C2A067BCD00F0F6E6 /* Extension.swift */,
				140465C42A0BC784009B3655 /* Tweet.swift */,
				140465C62A0BC956009B3655 /* Sentiment.swift */,
			);
			path = Models;
			sourceTree = "<group>";
		};
		1411AF612A03A93F00CBE4EF /* Fonts */ = {
			isa = PBXGroup;
			children = (
				1411AF622A03A95500CBE4EF /* Lobster-Regular.ttf */,
			);
			path = Fonts;
			sourceTree = "<group>";
		};
		144B44DE2A0D4F8300BDA00F /* Views */ = {
			isa = PBXGroup;
			children = (
				144B44DF2A0D4F9F00BDA00F /* NoRecordsView.swift */,
				144B44DB2A0D4A7800BDA00F /* NoRecordsView.xib */,
				149925092A0E963000B0EDF6 /* PastRecordsTVC.swift */,
				1499250A2A0E963000B0EDF6 /* PastRecordsTVC.xib */,
			);
			path = Views;
			sourceTree = "<group>";
		};
		147527EC2A0D049200DBB4A3 /* Products */ = {
			isa = PBXGroup;
			children = (
				147527F42A0D049200DBB4A3 /* SwifteriOS.framework */,
				147527F62A0D049200DBB4A3 /* SwifterMac.framework */,
				147527F82A0D049200DBB4A3 /* SwifterDemoiOS.app */,
				147527FA2A0D049200DBB4A3 /* SwifterDemoMac.app */,
				147527FC2A0D049200DBB4A3 /* SwifterTests.xctest */,
			);
			name = Products;
			sourceTree = "<group>";
		};
		14B82F8A29FA85940085FCAB = {
			isa = PBXGroup;
			children = (
				147527EB2A0D049200DBB4A3 /* Swifter.xcodeproj */,
				14B82F9529FA85940085FCAB /* tweetSenti */,
				14B82F9429FA85940085FCAB /* Products */,
				DC3E6376B8D04433DC356A2E /* Pods */,
				401E5D23F61D2DE99124BB83 /* Frameworks */,
			);
			sourceTree = "<group>";
		};
		14B82F9429FA85940085FCAB /* Products */ = {
			isa = PBXGroup;
			children = (
				14B82F9329FA85940085FCAB /* tweetSenti.app */,
			);
			name = Products;
			sourceTree = "<group>";
		};
		14B82F9529FA85940085FCAB /* tweetSenti */ = {
			isa = PBXGroup;
			children = (
				1475280E2A0D05F700DBB4A3 /* TweetSentimentClassifier.mlpackage */,
				14B82F9629FA85940085FCAB /* AppDelegate.swift */,
				14B82F9829FA85940085FCAB /* SceneDelegate.swift */,
				140E7E892A03B28B00ECC289 /* Models */,
				140E7E872A03B27800ECC289 /* Controllers */,
				140E7E882A03B28100ECC289 /* Views */,
				14B82F9F29FA85960085FCAB /* Assets.xcassets */,
				14B82FA129FA85960085FCAB /* LaunchScreen.storyboard */,
				14C1FE182A0E443A003DA56C /* Config.plist */,
				14B82FA429FA85960085FCAB /* Info.plist */,
				14B82FAA29FA872A0085FCAB /* GoogleService-Info.plist */,
				1411AF612A03A93F00CBE4EF /* Fonts */,
			);
			path = tweetSenti;
			sourceTree = "<group>";
		};
		401E5D23F61D2DE99124BB83 /* Frameworks */ = {
			isa = PBXGroup;
			children = (
				F862FC3A9E473F0085C153D2 /* Pods_tweetSenti.framework */,
			);
			name = Frameworks;
			sourceTree = "<group>";
		};
		DC3E6376B8D04433DC356A2E /* Pods */ = {
			isa = PBXGroup;
			children = (
				F035AF1F04CDF202DF153E16 /* Pods-tweetSenti.debug.xcconfig */,
				97F6A2D9964A9B5A08290731 /* Pods-tweetSenti.release.xcconfig */,
			);
			path = Pods;
			sourceTree = "<group>";
		};
/* End PBXGroup section */

/* Begin PBXNativeTarget section */
		14B82F9229FA85940085FCAB /* tweetSenti */ = {
			isa = PBXNativeTarget;
			buildConfigurationList = 14B82FA729FA85960085FCAB /* Build configuration list for PBXNativeTarget "tweetSenti" */;
			buildPhases = (
				D8DED783612BBD6A9E632DE3 /* [CP] Check Pods Manifest.lock */,
				14B82F8F29FA85940085FCAB /* Sources */,
				14B82F9029FA85940085FCAB /* Frameworks */,
				14B82F9129FA85940085FCAB /* Resources */,
				D2C51FD1848BC88BC40A15F8 /* [CP] Embed Pods Frameworks */,
				147527FF2A0D04BF00DBB4A3 /* Embed Frameworks */,
			);
			buildRules = (
			);
			dependencies = (
			);
			name = tweetSenti;
			packageProductDependencies = (
				147527E72A0D037100DBB4A3 /* Swifter */,
				147527E92A0D037100DBB4A3 /* Example */,
			);
			productName = tweetSenti;
			productReference = 14B82F9329FA85940085FCAB /* tweetSenti.app */;
			productType = "com.apple.product-type.application";
		};
/* End PBXNativeTarget section */

/* Begin PBXProject section */
		14B82F8B29FA85940085FCAB /* Project object */ = {
			isa = PBXProject;
			attributes = {
				BuildIndependentTargetsInParallel = 1;
				LastSwiftUpdateCheck = 1420;
				LastUpgradeCheck = 1420;
				TargetAttributes = {
					14B82F9229FA85940085FCAB = {
						CreatedOnToolsVersion = 14.2;
					};
				};
			};
			buildConfigurationList = 14B82F8E29FA85940085FCAB /* Build configuration list for PBXProject "tweetSenti" */;
			compatibilityVersion = "Xcode 14.0";
			developmentRegion = en;
			hasScannedForEncodings = 0;
			knownRegions = (
				en,
				Base,
			);
			mainGroup = 14B82F8A29FA85940085FCAB;
			packageReferences = (
				147527E62A0D037100DBB4A3 /* XCRemoteSwiftPackageReference "swifter" */,
			);
			productRefGroup = 14B82F9429FA85940085FCAB /* Products */;
			projectDirPath = "";
			projectReferences = (
				{
					ProductGroup = 147527EC2A0D049200DBB4A3 /* Products */;
					ProjectRef = 147527EB2A0D049200DBB4A3 /* Swifter.xcodeproj */;
				},
			);
			projectRoot = "";
			targets = (
				14B82F9229FA85940085FCAB /* tweetSenti */,
			);
		};
/* End PBXProject section */

/* Begin PBXReferenceProxy section */
		147527F42A0D049200DBB4A3 /* SwifteriOS.framework */ = {
			isa = PBXReferenceProxy;
			fileType = wrapper.framework;
			path = SwifteriOS.framework;
			remoteRef = 147527F32A0D049200DBB4A3 /* PBXContainerItemProxy */;
			sourceTree = BUILT_PRODUCTS_DIR;
		};
		147527F62A0D049200DBB4A3 /* SwifterMac.framework */ = {
			isa = PBXReferenceProxy;
			fileType = wrapper.framework;
			path = SwifterMac.framework;
			remoteRef = 147527F52A0D049200DBB4A3 /* PBXContainerItemProxy */;
			sourceTree = BUILT_PRODUCTS_DIR;
		};
		147527F82A0D049200DBB4A3 /* SwifterDemoiOS.app */ = {
			isa = PBXReferenceProxy;
			fileType = wrapper.application;
			path = SwifterDemoiOS.app;
			remoteRef = 147527F72A0D049200DBB4A3 /* PBXContainerItemProxy */;
			sourceTree = BUILT_PRODUCTS_DIR;
		};
		147527FA2A0D049200DBB4A3 /* SwifterDemoMac.app */ = {
			isa = PBXReferenceProxy;
			fileType = wrapper.application;
			path = SwifterDemoMac.app;
			remoteRef = 147527F92A0D049200DBB4A3 /* PBXContainerItemProxy */;
			sourceTree = BUILT_PRODUCTS_DIR;
		};
		147527FC2A0D049200DBB4A3 /* SwifterTests.xctest */ = {
			isa = PBXReferenceProxy;
			fileType = wrapper.cfbundle;
			path = SwifterTests.xctest;
			remoteRef = 147527FB2A0D049200DBB4A3 /* PBXContainerItemProxy */;
			sourceTree = BUILT_PRODUCTS_DIR;
		};
/* End PBXReferenceProxy section */

/* Begin PBXResourcesBuildPhase section */
		14B82F9129FA85940085FCAB /* Resources */ = {
			isa = PBXResourcesBuildPhase;
			buildActionMask = 2147483647;
			files = (
				140646172A06823A0060A450 /* Login.storyboard in Resources */,
				1411AF632A03A95500CBE4EF /* Lobster-Regular.ttf in Resources */,
				144B44DC2A0D4A7800BDA00F /* NoRecordsView.xib in Resources */,
				1499250C2A0E963000B0EDF6 /* PastRecordsTVC.xib in Resources */,
				14B82FA329FA85960085FCAB /* LaunchScreen.storyboard in Resources */,
				14C1FE192A0E443A003DA56C /* Config.plist in Resources */,
				145B6DC22A0FF5F80082A87F /* Assets.xcassets in Resources */,
				144B44EE2A0DF3CE00BDA00F /* PastRecords.storyboard in Resources */,
				14B7C31A2A06509C003C8A75 /* SignUp.storyboard in Resources */,
				140465C12A0BBC8D009B3655 /* Sentiment.storyboard in Resources */,
				148DCBB22A065E6300FE18C5 /* Onboarding.storyboard in Resources */,
				14B82FAB29FA872A0085FCAB /* GoogleService-Info.plist in Resources */,
				14B82F9E29FA85940085FCAB /* AppLaunch.storyboard in Resources */,
			);
			runOnlyForDeploymentPostprocessing = 0;
		};
/* End PBXResourcesBuildPhase section */

/* Begin PBXShellScriptBuildPhase section */
		D2C51FD1848BC88BC40A15F8 /* [CP] Embed Pods Frameworks */ = {
			isa = PBXShellScriptBuildPhase;
			buildActionMask = 2147483647;
			files = (
			);
			inputFileListPaths = (
				"${PODS_ROOT}/Target Support Files/Pods-tweetSenti/Pods-tweetSenti-frameworks-${CONFIGURATION}-input-files.xcfilelist",
			);
			name = "[CP] Embed Pods Frameworks";
			outputFileListPaths = (
				"${PODS_ROOT}/Target Support Files/Pods-tweetSenti/Pods-tweetSenti-frameworks-${CONFIGURATION}-output-files.xcfilelist",
			);
			runOnlyForDeploymentPostprocessing = 0;
			shellPath = /bin/sh;
			shellScript = "\"${PODS_ROOT}/Target Support Files/Pods-tweetSenti/Pods-tweetSenti-frameworks.sh\"\n";
			showEnvVarsInLog = 0;
		};
		D8DED783612BBD6A9E632DE3 /* [CP] Check Pods Manifest.lock */ = {
			isa = PBXShellScriptBuildPhase;
			buildActionMask = 2147483647;
			files = (
			);
			inputFileListPaths = (
			);
			inputPaths = (
				"${PODS_PODFILE_DIR_PATH}/Podfile.lock",
				"${PODS_ROOT}/Manifest.lock",
			);
			name = "[CP] Check Pods Manifest.lock";
			outputFileListPaths = (
			);
			outputPaths = (
				"$(DERIVED_FILE_DIR)/Pods-tweetSenti-checkManifestLockResult.txt",
			);
			runOnlyForDeploymentPostprocessing = 0;
			shellPath = /bin/sh;
			shellScript = "diff \"${PODS_PODFILE_DIR_PATH}/Podfile.lock\" \"${PODS_ROOT}/Manifest.lock\" > /dev/null\nif [ $? != 0 ] ; then\n    # print error to STDERR\n    echo \"error: The sandbox is not in sync with the Podfile.lock. Run 'pod install' or update your CocoaPods installation.\" >&2\n    exit 1\nfi\n# This output is used by Xcode 'outputs' to avoid re-running this script phase.\necho \"SUCCESS\" > \"${SCRIPT_OUTPUT_FILE_0}\"\n";
			showEnvVarsInLog = 0;
		};
/* End PBXShellScriptBuildPhase section */

/* Begin PBXSourcesBuildPhase section */
		14B82F8F29FA85940085FCAB /* Sources */ = {
			isa = PBXSourcesBuildPhase;
			buildActionMask = 2147483647;
			files = (
				144B44F02A0DF3E800BDA00F /* PastRecordsVC.swift in Sources */,
				14B82F9B29FA85940085FCAB /* AppLauncherVC.swift in Sources */,
				140465C52A0BC784009B3655 /* Tweet.swift in Sources */,
				140465C32A0BBCE9009B3655 /* SentimentVC.swift in Sources */,
				141E4A422A056AFE00E58411 /* OnboardingVC.swift in Sources */,
				144B44E02A0D4F9F00BDA00F /* NoRecordsView.swift in Sources */,
				140646192A0682710060A450 /* LoginVC.swift in Sources */,
				142C5B8D2A067BCD00F0F6E6 /* Extension.swift in Sources */,
				1475280F2A0D05F700DBB4A3 /* TweetSentimentClassifier.mlpackage in Sources */,
				1499250B2A0E963000B0EDF6 /* PastRecordsTVC.swift in Sources */,
				14B82F9729FA85940085FCAB /* AppDelegate.swift in Sources */,
				148DCBB42A065F0600FE18C5 /* TSBaseVC.swift in Sources */,
				140465C72A0BC956009B3655 /* Sentiment.swift in Sources */,
				14B7C31C2A065118003C8A75 /* SignUpVC.swift in Sources */,
				14B82F9929FA85940085FCAB /* SceneDelegate.swift in Sources */,
			);
			runOnlyForDeploymentPostprocessing = 0;
		};
/* End PBXSourcesBuildPhase section */

/* Begin PBXVariantGroup section */
		14B82F9C29FA85940085FCAB /* AppLaunch.storyboard */ = {
			isa = PBXVariantGroup;
			children = (
				14B82F9D29FA85940085FCAB /* Base */,
			);
			name = AppLaunch.storyboard;
			sourceTree = "<group>";
		};
		14B82FA129FA85960085FCAB /* LaunchScreen.storyboard */ = {
			isa = PBXVariantGroup;
			children = (
				14B82FA229FA85960085FCAB /* Base */,
			);
			name = LaunchScreen.storyboard;
			sourceTree = "<group>";
		};
/* End PBXVariantGroup section */

/* Begin XCBuildConfiguration section */
		14B82FA529FA85960085FCAB /* Debug */ = {
			isa = XCBuildConfiguration;
			buildSettings = {
				ALWAYS_SEARCH_USER_PATHS = NO;
				CLANG_ANALYZER_NONNULL = YES;
				CLANG_ANALYZER_NUMBER_OBJECT_CONVERSION = YES_AGGRESSIVE;
				CLANG_CXX_LANGUAGE_STANDARD = "gnu++20";
				CLANG_ENABLE_MODULES = YES;
				CLANG_ENABLE_OBJC_ARC = YES;
				CLANG_ENABLE_OBJC_WEAK = YES;
				CLANG_WARN_BLOCK_CAPTURE_AUTORELEASING = YES;
				CLANG_WARN_BOOL_CONVERSION = YES;
				CLANG_WARN_COMMA = YES;
				CLANG_WARN_CONSTANT_CONVERSION = YES;
				CLANG_WARN_DEPRECATED_OBJC_IMPLEMENTATIONS = YES;
				CLANG_WARN_DIRECT_OBJC_ISA_USAGE = YES_ERROR;
				CLANG_WARN_DOCUMENTATION_COMMENTS = YES;
				CLANG_WARN_EMPTY_BODY = YES;
				CLANG_WARN_ENUM_CONVERSION = YES;
				CLANG_WARN_INFINITE_RECURSION = YES;
				CLANG_WARN_INT_CONVERSION = YES;
				CLANG_WARN_NON_LITERAL_NULL_CONVERSION = YES;
				CLANG_WARN_OBJC_IMPLICIT_RETAIN_SELF = YES;
				CLANG_WARN_OBJC_LITERAL_CONVERSION = YES;
				CLANG_WARN_OBJC_ROOT_CLASS = YES_ERROR;
				CLANG_WARN_QUOTED_INCLUDE_IN_FRAMEWORK_HEADER = YES;
				CLANG_WARN_RANGE_LOOP_ANALYSIS = YES;
				CLANG_WARN_STRICT_PROTOTYPES = YES;
				CLANG_WARN_SUSPICIOUS_MOVE = YES;
				CLANG_WARN_UNGUARDED_AVAILABILITY = YES_AGGRESSIVE;
				CLANG_WARN_UNREACHABLE_CODE = YES;
				CLANG_WARN__DUPLICATE_METHOD_MATCH = YES;
				COPY_PHASE_STRIP = NO;
				DEBUG_INFORMATION_FORMAT = dwarf;
				ENABLE_STRICT_OBJC_MSGSEND = YES;
				ENABLE_TESTABILITY = YES;
				GCC_C_LANGUAGE_STANDARD = gnu11;
				GCC_DYNAMIC_NO_PIC = NO;
				GCC_NO_COMMON_BLOCKS = YES;
				GCC_OPTIMIZATION_LEVEL = 0;
				GCC_PREPROCESSOR_DEFINITIONS = (
					"DEBUG=1",
					"$(inherited)",
				);
				GCC_WARN_64_TO_32_BIT_CONVERSION = YES;
				GCC_WARN_ABOUT_RETURN_TYPE = YES_ERROR;
				GCC_WARN_UNDECLARED_SELECTOR = YES;
				GCC_WARN_UNINITIALIZED_AUTOS = YES_AGGRESSIVE;
				GCC_WARN_UNUSED_FUNCTION = YES;
				GCC_WARN_UNUSED_VARIABLE = YES;
				INFOPLIST_KEY_UIMainStoryboardFile = AppLaunch;
				IPHONEOS_DEPLOYMENT_TARGET = 13.0;
				MTL_ENABLE_DEBUG_INFO = INCLUDE_SOURCE;
				MTL_FAST_MATH = YES;
				ONLY_ACTIVE_ARCH = YES;
				SDKROOT = iphoneos;
				SWIFT_ACTIVE_COMPILATION_CONDITIONS = DEBUG;
				SWIFT_OPTIMIZATION_LEVEL = "-Onone";
			};
			name = Debug;
		};
		14B82FA629FA85960085FCAB /* Release */ = {
			isa = XCBuildConfiguration;
			buildSettings = {
				ALWAYS_SEARCH_USER_PATHS = NO;
				CLANG_ANALYZER_NONNULL = YES;
				CLANG_ANALYZER_NUMBER_OBJECT_CONVERSION = YES_AGGRESSIVE;
				CLANG_CXX_LANGUAGE_STANDARD = "gnu++20";
				CLANG_ENABLE_MODULES = YES;
				CLANG_ENABLE_OBJC_ARC = YES;
				CLANG_ENABLE_OBJC_WEAK = YES;
				CLANG_WARN_BLOCK_CAPTURE_AUTORELEASING = YES;
				CLANG_WARN_BOOL_CONVERSION = YES;
				CLANG_WARN_COMMA = YES;
				CLANG_WARN_CONSTANT_CONVERSION = YES;
				CLANG_WARN_DEPRECATED_OBJC_IMPLEMENTATIONS = YES;
				CLANG_WARN_DIRECT_OBJC_ISA_USAGE = YES_ERROR;
				CLANG_WARN_DOCUMENTATION_COMMENTS = YES;
				CLANG_WARN_EMPTY_BODY = YES;
				CLANG_WARN_ENUM_CONVERSION = YES;
				CLANG_WARN_INFINITE_RECURSION = YES;
				CLANG_WARN_INT_CONVERSION = YES;
				CLANG_WARN_NON_LITERAL_NULL_CONVERSION = YES;
				CLANG_WARN_OBJC_IMPLICIT_RETAIN_SELF = YES;
				CLANG_WARN_OBJC_LITERAL_CONVERSION = YES;
				CLANG_WARN_OBJC_ROOT_CLASS = YES_ERROR;
				CLANG_WARN_QUOTED_INCLUDE_IN_FRAMEWORK_HEADER = YES;
				CLANG_WARN_RANGE_LOOP_ANALYSIS = YES;
				CLANG_WARN_STRICT_PROTOTYPES = YES;
				CLANG_WARN_SUSPICIOUS_MOVE = YES;
				CLANG_WARN_UNGUARDED_AVAILABILITY = YES_AGGRESSIVE;
				CLANG_WARN_UNREACHABLE_CODE = YES;
				CLANG_WARN__DUPLICATE_METHOD_MATCH = YES;
				COPY_PHASE_STRIP = NO;
				DEBUG_INFORMATION_FORMAT = "dwarf-with-dsym";
				ENABLE_NS_ASSERTIONS = NO;
				ENABLE_STRICT_OBJC_MSGSEND = YES;
				GCC_C_LANGUAGE_STANDARD = gnu11;
				GCC_NO_COMMON_BLOCKS = YES;
				GCC_WARN_64_TO_32_BIT_CONVERSION = YES;
				GCC_WARN_ABOUT_RETURN_TYPE = YES_ERROR;
				GCC_WARN_UNDECLARED_SELECTOR = YES;
				GCC_WARN_UNINITIALIZED_AUTOS = YES_AGGRESSIVE;
				GCC_WARN_UNUSED_FUNCTION = YES;
				GCC_WARN_UNUSED_VARIABLE = YES;
				INFOPLIST_KEY_UIMainStoryboardFile = AppLaunch;
				IPHONEOS_DEPLOYMENT_TARGET = 13.0;
				MTL_ENABLE_DEBUG_INFO = NO;
				MTL_FAST_MATH = YES;
				SDKROOT = iphoneos;
				SWIFT_COMPILATION_MODE = wholemodule;
				SWIFT_OPTIMIZATION_LEVEL = "-O";
				VALIDATE_PRODUCT = YES;
			};
			name = Release;
		};
		14B82FA829FA85960085FCAB /* Debug */ = {
			isa = XCBuildConfiguration;
			baseConfigurationReference = F035AF1F04CDF202DF153E16 /* Pods-tweetSenti.debug.xcconfig */;
			buildSettings = {
				ASSETCATALOG_COMPILER_APPICON_NAME = AppIcon;
				ASSETCATALOG_COMPILER_GLOBAL_ACCENT_COLOR_NAME = AccentColor;
				ASSETCATALOG_COMPILER_INCLUDE_ALL_APPICON_ASSETS = YES;
				CODE_SIGN_STYLE = Automatic;
				CURRENT_PROJECT_VERSION = 1;
				DEVELOPMENT_TEAM = 873GG57D8S;
				GCC_NO_COMMON_BLOCKS = YES;
				GENERATE_INFOPLIST_FILE = YES;
				INFOPLIST_FILE = tweetSenti/Info.plist;
				INFOPLIST_KEY_UIApplicationSupportsIndirectInputEvents = YES;
				INFOPLIST_KEY_UILaunchStoryboardName = LaunchScreen;
				INFOPLIST_KEY_UIMainStoryboardFile = AppLaunch;
				INFOPLIST_KEY_UISupportedInterfaceOrientations = "UIInterfaceOrientationPortrait UIInterfaceOrientationPortraitUpsideDown";
				LD_RUNPATH_SEARCH_PATHS = (
					"$(inherited)",
					"@executable_path/Frameworks",
				);
				MARKETING_VERSION = 1.0;
				PRODUCT_BUNDLE_IDENTIFIER = com.adithyahnair.tweetSenti;
				PRODUCT_NAME = "$(TARGET_NAME)";
				SWIFT_EMIT_LOC_STRINGS = YES;
				SWIFT_VERSION = 5.0;
				TARGETED_DEVICE_FAMILY = "1,2";
			};
			name = Debug;
		};
		14B82FA929FA85960085FCAB /* Release */ = {
			isa = XCBuildConfiguration;
			baseConfigurationReference = 97F6A2D9964A9B5A08290731 /* Pods-tweetSenti.release.xcconfig */;
			buildSettings = {
				ASSETCATALOG_COMPILER_APPICON_NAME = AppIcon;
				ASSETCATALOG_COMPILER_GLOBAL_ACCENT_COLOR_NAME = AccentColor;
				ASSETCATALOG_COMPILER_INCLUDE_ALL_APPICON_ASSETS = YES;
				CODE_SIGN_STYLE = Automatic;
				CURRENT_PROJECT_VERSION = 1;
				DEVELOPMENT_TEAM = 873GG57D8S;
				GCC_NO_COMMON_BLOCKS = YES;
				GENERATE_INFOPLIST_FILE = YES;
				INFOPLIST_FILE = tweetSenti/Info.plist;
				INFOPLIST_KEY_UIApplicationSupportsIndirectInputEvents = YES;
				INFOPLIST_KEY_UILaunchStoryboardName = LaunchScreen;
				INFOPLIST_KEY_UIMainStoryboardFile = AppLaunch;
				INFOPLIST_KEY_UISupportedInterfaceOrientations = "UIInterfaceOrientationPortrait UIInterfaceOrientationPortraitUpsideDown";
				LD_RUNPATH_SEARCH_PATHS = (
					"$(inherited)",
					"@executable_path/Frameworks",
				);
				MARKETING_VERSION = 1.0;
				PRODUCT_BUNDLE_IDENTIFIER = com.adithyahnair.tweetSenti;
				PRODUCT_NAME = "$(TARGET_NAME)";
				SWIFT_EMIT_LOC_STRINGS = YES;
				SWIFT_VERSION = 5.0;
				TARGETED_DEVICE_FAMILY = "1,2";
			};
			name = Release;
		};
/* End XCBuildConfiguration section */

/* Begin XCConfigurationList section */
		14B82F8E29FA85940085FCAB /* Build configuration list for PBXProject "tweetSenti" */ = {
			isa = XCConfigurationList;
			buildConfigurations = (
				14B82FA529FA85960085FCAB /* Debug */,
				14B82FA629FA85960085FCAB /* Release */,
			);
			defaultConfigurationIsVisible = 0;
			defaultConfigurationName = Release;
		};
		14B82FA729FA85960085FCAB /* Build configuration list for PBXNativeTarget "tweetSenti" */ = {
			isa = XCConfigurationList;
			buildConfigurations = (
				14B82FA829FA85960085FCAB /* Debug */,
				14B82FA929FA85960085FCAB /* Release */,
			);
			defaultConfigurationIsVisible = 0;
			defaultConfigurationName = Release;
		};
/* End XCConfigurationList section */

/* Begin XCRemoteSwiftPackageReference section */
		147527E62A0D037100DBB4A3 /* XCRemoteSwiftPackageReference "swifter" */ = {
			isa = XCRemoteSwiftPackageReference;
			repositoryURL = "https://github.com/httpswift/swifter.git";
			requirement = {
				kind = upToNextMajorVersion;
				minimumVersion = 1.5.0;
			};
		};
/* End XCRemoteSwiftPackageReference section */

/* Begin XCSwiftPackageProductDependency section */
		147527E72A0D037100DBB4A3 /* Swifter */ = {
			isa = XCSwiftPackageProductDependency;
			package = 147527E62A0D037100DBB4A3 /* XCRemoteSwiftPackageReference "swifter" */;
			productName = Swifter;
		};
		147527E92A0D037100DBB4A3 /* Example */ = {
			isa = XCSwiftPackageProductDependency;
			package = 147527E62A0D037100DBB4A3 /* XCRemoteSwiftPackageReference "swifter" */;
			productName = Example;
		};
/* End XCSwiftPackageProductDependency section */
	};
	rootObject = 14B82F8B29FA85940085FCAB /* Project object */;
}
