// !$*UTF8*$!
{
	archiveVersion = 1;
	classes = {
	};
	objectVersion = 56;
	objects = {

/* Begin PBXBuildFile section */
		1411AF632A03A95500CBE4EF /* Lobster-Regular.ttf in Resources */ = {isa = PBXBuildFile; fileRef = 1411AF622A03A95500CBE4EF /* Lobster-Regular.ttf */; };
		141E4A422A056AFE00E58411 /* OnboardingVC.swift in Sources */ = {isa = PBXBuildFile; fileRef = 141E4A412A056AFE00E58411 /* OnboardingVC.swift */; };
		14B82F9729FA85940085FCAB /* AppDelegate.swift in Sources */ = {isa = PBXBuildFile; fileRef = 14B82F9629FA85940085FCAB /* AppDelegate.swift */; };
		14B82F9929FA85940085FCAB /* SceneDelegate.swift in Sources */ = {isa = PBXBuildFile; fileRef = 14B82F9829FA85940085FCAB /* SceneDelegate.swift */; };
		14B82F9B29FA85940085FCAB /* AppLauncherVC.swift in Sources */ = {isa = PBXBuildFile; fileRef = 14B82F9A29FA85940085FCAB /* AppLauncherVC.swift */; };
		14B82F9E29FA85940085FCAB /* Main.storyboard in Resources */ = {isa = PBXBuildFile; fileRef = 14B82F9C29FA85940085FCAB /* Main.storyboard */; };
		14B82FA029FA85960085FCAB /* Assets.xcassets in Resources */ = {isa = PBXBuildFile; fileRef = 14B82F9F29FA85960085FCAB /* Assets.xcassets */; };
		14B82FA329FA85960085FCAB /* LaunchScreen.storyboard in Resources */ = {isa = PBXBuildFile; fileRef = 14B82FA129FA85960085FCAB /* LaunchScreen.storyboard */; };
		14B82FAB29FA872A0085FCAB /* GoogleService-Info.plist in Resources */ = {isa = PBXBuildFile; fileRef = 14B82FAA29FA872A0085FCAB /* GoogleService-Info.plist */; };
		14EBFF497C70966FE44F30F8 /* Pods_tweetSenti.framework in Frameworks */ = {isa = PBXBuildFile; fileRef = 49BC236EC05A67F7CEF5A11E /* Pods_tweetSenti.framework */; };
/* End PBXBuildFile section */

/* Begin PBXFileReference section */
		1411AF622A03A95500CBE4EF /* Lobster-Regular.ttf */ = {isa = PBXFileReference; lastKnownFileType = file; path = "Lobster-Regular.ttf"; sourceTree = "<group>"; };
		141E4A412A056AFE00E58411 /* OnboardingVC.swift */ = {isa = PBXFileReference; lastKnownFileType = sourcecode.swift; path = OnboardingVC.swift; sourceTree = "<group>"; };
		14B82F9329FA85940085FCAB /* tweetSenti.app */ = {isa = PBXFileReference; explicitFileType = wrapper.application; includeInIndex = 0; path = tweetSenti.app; sourceTree = BUILT_PRODUCTS_DIR; };
		14B82F9629FA85940085FCAB /* AppDelegate.swift */ = {isa = PBXFileReference; lastKnownFileType = sourcecode.swift; path = AppDelegate.swift; sourceTree = "<group>"; };
		14B82F9829FA85940085FCAB /* SceneDelegate.swift */ = {isa = PBXFileReference; lastKnownFileType = sourcecode.swift; path = SceneDelegate.swift; sourceTree = "<group>"; };
		14B82F9A29FA85940085FCAB /* AppLauncherVC.swift */ = {isa = PBXFileReference; lastKnownFileType = sourcecode.swift; path = AppLauncherVC.swift; sourceTree = "<group>"; };
		14B82F9D29FA85940085FCAB /* Base */ = {isa = PBXFileReference; lastKnownFileType = file.storyboard; name = Base; path = Base.lproj/Main.storyboard; sourceTree = "<group>"; };
		14B82F9F29FA85960085FCAB /* Assets.xcassets */ = {isa = PBXFileReference; lastKnownFileType = folder.assetcatalog; path = Assets.xcassets; sourceTree = "<group>"; };
		14B82FA229FA85960085FCAB /* Base */ = {isa = PBXFileReference; lastKnownFileType = file.storyboard; name = Base; path = Base.lproj/LaunchScreen.storyboard; sourceTree = "<group>"; };
		14B82FA429FA85960085FCAB /* Info.plist */ = {isa = PBXFileReference; lastKnownFileType = text.plist.xml; path = Info.plist; sourceTree = "<group>"; };
		14B82FAA29FA872A0085FCAB /* GoogleService-Info.plist */ = {isa = PBXFileReference; fileEncoding = 4; lastKnownFileType = text.plist.xml; path = "GoogleService-Info.plist"; sourceTree = "<group>"; };
		49BC236EC05A67F7CEF5A11E /* Pods_tweetSenti.framework */ = {isa = PBXFileReference; explicitFileType = wrapper.framework; includeInIndex = 0; path = Pods_tweetSenti.framework; sourceTree = BUILT_PRODUCTS_DIR; };
		78D5A1033117F6F2FA482813 /* Pods-tweetSenti.release.xcconfig */ = {isa = PBXFileReference; includeInIndex = 1; lastKnownFileType = text.xcconfig; name = "Pods-tweetSenti.release.xcconfig"; path = "Target Support Files/Pods-tweetSenti/Pods-tweetSenti.release.xcconfig"; sourceTree = "<group>"; };
		7C966A2E49EB4EF34FB66509 /* Pods-tweetSenti.debug.xcconfig */ = {isa = PBXFileReference; includeInIndex = 1; lastKnownFileType = text.xcconfig; name = "Pods-tweetSenti.debug.xcconfig"; path = "Target Support Files/Pods-tweetSenti/Pods-tweetSenti.debug.xcconfig"; sourceTree = "<group>"; };
/* End PBXFileReference section */

/* Begin PBXFrameworksBuildPhase section */
		14B82F9029FA85940085FCAB /* Frameworks */ = {
			isa = PBXFrameworksBuildPhase;
			buildActionMask = 2147483647;
			files = (
				14EBFF497C70966FE44F30F8 /* Pods_tweetSenti.framework in Frameworks */,
			);
			runOnlyForDeploymentPostprocessing = 0;
		};
/* End PBXFrameworksBuildPhase section */

/* Begin PBXGroup section */
		140E7E872A03B27800ECC289 /* Controllers */ = {
			isa = PBXGroup;
			children = (
				14B82F9A29FA85940085FCAB /* AppLauncherVC.swift */,
				141E4A412A056AFE00E58411 /* OnboardingVC.swift */,
			);
			path = Controllers;
			sourceTree = "<group>";
		};
		140E7E882A03B28100ECC289 /* Views */ = {
			isa = PBXGroup;
			children = (
				14B82F9C29FA85940085FCAB /* Main.storyboard */,
			);
			path = Views;
			sourceTree = "<group>";
		};
		140E7E892A03B28B00ECC289 /* Models */ = {
			isa = PBXGroup;
			children = (
			);
			path = Models;
			sourceTree = "<group>";
		};
		1411AF612A03A93F00CBE4EF /* Fonts */ = {
			isa = PBXGroup;
			children = (
				1411AF622A03A95500CBE4EF /* Lobster-Regular.ttf */,
			);
			path = Fonts;
			sourceTree = "<group>";
		};
		14B82F8A29FA85940085FCAB = {
			isa = PBXGroup;
			children = (
				14B82F9529FA85940085FCAB /* tweetSenti */,
				14B82F9429FA85940085FCAB /* Products */,
				DC3E6376B8D04433DC356A2E /* Pods */,
				9393A2AB9B7BE7B300F2D3D1 /* Frameworks */,
			);
			sourceTree = "<group>";
		};
		14B82F9429FA85940085FCAB /* Products */ = {
			isa = PBXGroup;
			children = (
				14B82F9329FA85940085FCAB /* tweetSenti.app */,
			);
			name = Products;
			sourceTree = "<group>";
		};
		14B82F9529FA85940085FCAB /* tweetSenti */ = {
			isa = PBXGroup;
			children = (
				14B82F9629FA85940085FCAB /* AppDelegate.swift */,
				14B82F9829FA85940085FCAB /* SceneDelegate.swift */,
				140E7E892A03B28B00ECC289 /* Models */,
				140E7E872A03B27800ECC289 /* Controllers */,
				140E7E882A03B28100ECC289 /* Views */,
				14B82F9F29FA85960085FCAB /* Assets.xcassets */,
				14B82FA129FA85960085FCAB /* LaunchScreen.storyboard */,
				14B82FA429FA85960085FCAB /* Info.plist */,
				14B82FAA29FA872A0085FCAB /* GoogleService-Info.plist */,
				1411AF612A03A93F00CBE4EF /* Fonts */,
			);
			path = tweetSenti;
			sourceTree = "<group>";
		};
		9393A2AB9B7BE7B300F2D3D1 /* Frameworks */ = {
			isa = PBXGroup;
			children = (
				49BC236EC05A67F7CEF5A11E /* Pods_tweetSenti.framework */,
			);
			name = Frameworks;
			sourceTree = "<group>";
		};
		DC3E6376B8D04433DC356A2E /* Pods */ = {
			isa = PBXGroup;
			children = (
				7C966A2E49EB4EF34FB66509 /* Pods-tweetSenti.debug.xcconfig */,
				78D5A1033117F6F2FA482813 /* Pods-tweetSenti.release.xcconfig */,
			);
			path = Pods;
			sourceTree = "<group>";
		};
/* End PBXGroup section */

/* Begin PBXNativeTarget section */
		14B82F9229FA85940085FCAB /* tweetSenti */ = {
			isa = PBXNativeTarget;
			buildConfigurationList = 14B82FA729FA85960085FCAB /* Build configuration list for PBXNativeTarget "tweetSenti" */;
			buildPhases = (
				95533A249B28B50CF3A48842 /* [CP] Check Pods Manifest.lock */,
				14B82F8F29FA85940085FCAB /* Sources */,
				14B82F9029FA85940085FCAB /* Frameworks */,
				14B82F9129FA85940085FCAB /* Resources */,
				9C2D37073D744ED30C51BF6A /* [CP] Embed Pods Frameworks */,
			);
			buildRules = (
			);
			dependencies = (
			);
			name = tweetSenti;
			productName = tweetSenti;
			productReference = 14B82F9329FA85940085FCAB /* tweetSenti.app */;
			productType = "com.apple.product-type.application";
		};
/* End PBXNativeTarget section */

/* Begin PBXProject section */
		14B82F8B29FA85940085FCAB /* Project object */ = {
			isa = PBXProject;
			attributes = {
				BuildIndependentTargetsInParallel = 1;
				LastSwiftUpdateCheck = 1420;
				LastUpgradeCheck = 1420;
				TargetAttributes = {
					14B82F9229FA85940085FCAB = {
						CreatedOnToolsVersion = 14.2;
					};
				};
			};
			buildConfigurationList = 14B82F8E29FA85940085FCAB /* Build configuration list for PBXProject "tweetSenti" */;
			compatibilityVersion = "Xcode 14.0";
			developmentRegion = en;
			hasScannedForEncodings = 0;
			knownRegions = (
				en,
				Base,
			);
			mainGroup = 14B82F8A29FA85940085FCAB;
			productRefGroup = 14B82F9429FA85940085FCAB /* Products */;
			projectDirPath = "";
			projectRoot = "";
			targets = (
				14B82F9229FA85940085FCAB /* tweetSenti */,
			);
		};
/* End PBXProject section */

/* Begin PBXResourcesBuildPhase section */
		14B82F9129FA85940085FCAB /* Resources */ = {
			isa = PBXResourcesBuildPhase;
			buildActionMask = 2147483647;
			files = (
				1411AF632A03A95500CBE4EF /* Lobster-Regular.ttf in Resources */,
				14B82FA329FA85960085FCAB /* LaunchScreen.storyboard in Resources */,
				14B82FA029FA85960085FCAB /* Assets.xcassets in Resources */,
				14B82FAB29FA872A0085FCAB /* GoogleService-Info.plist in Resources */,
				14B82F9E29FA85940085FCAB /* Main.storyboard in Resources */,
			);
			runOnlyForDeploymentPostprocessing = 0;
		};
/* End PBXResourcesBuildPhase section */

/* Begin PBXShellScriptBuildPhase section */
		95533A249B28B50CF3A48842 /* [CP] Check Pods Manifest.lock */ = {
			isa = PBXShellScriptBuildPhase;
			buildActionMask = 2147483647;
			files = (
			);
			inputFileListPaths = (
			);
			inputPaths = (
				"${PODS_PODFILE_DIR_PATH}/Podfile.lock",
				"${PODS_ROOT}/Manifest.lock",
			);
			name = "[CP] Check Pods Manifest.lock";
			outputFileListPaths = (
			);
			outputPaths = (
				"$(DERIVED_FILE_DIR)/Pods-tweetSenti-checkManifestLockResult.txt",
			);
			runOnlyForDeploymentPostprocessing = 0;
			shellPath = /bin/sh;
			shellScript = "diff \"${PODS_PODFILE_DIR_PATH}/Podfile.lock\" \"${PODS_ROOT}/Manifest.lock\" > /dev/null\nif [ $? != 0 ] ; then\n    # print error to STDERR\n    echo \"error: The sandbox is not in sync with the Podfile.lock. Run 'pod install' or update your CocoaPods installation.\" >&2\n    exit 1\nfi\n# This output is used by Xcode 'outputs' to avoid re-running this script phase.\necho \"SUCCESS\" > \"${SCRIPT_OUTPUT_FILE_0}\"\n";
			showEnvVarsInLog = 0;
		};
		9C2D37073D744ED30C51BF6A /* [CP] Embed Pods Frameworks */ = {
			isa = PBXShellScriptBuildPhase;
			buildActionMask = 2147483647;
			files = (
			);
			inputFileListPaths = (
				"${PODS_ROOT}/Target Support Files/Pods-tweetSenti/Pods-tweetSenti-frameworks-${CONFIGURATION}-input-files.xcfilelist",
			);
			name = "[CP] Embed Pods Frameworks";
			outputFileListPaths = (
				"${PODS_ROOT}/Target Support Files/Pods-tweetSenti/Pods-tweetSenti-frameworks-${CONFIGURATION}-output-files.xcfilelist",
			);
			runOnlyForDeploymentPostprocessing = 0;
			shellPath = /bin/sh;
			shellScript = "\"${PODS_ROOT}/Target Support Files/Pods-tweetSenti/Pods-tweetSenti-frameworks.sh\"\n";
			showEnvVarsInLog = 0;
		};
/* End PBXShellScriptBuildPhase section */

/* Begin PBXSourcesBuildPhase section */
		14B82F8F29FA85940085FCAB /* Sources */ = {
			isa = PBXSourcesBuildPhase;
			buildActionMask = 2147483647;
			files = (
				14B82F9B29FA85940085FCAB /* AppLauncherVC.swift in Sources */,
				141E4A422A056AFE00E58411 /* OnboardingVC.swift in Sources */,
				14B82F9729FA85940085FCAB /* AppDelegate.swift in Sources */,
				14B82F9929FA85940085FCAB /* SceneDelegate.swift in Sources */,
			);
			runOnlyForDeploymentPostprocessing = 0;
		};
/* End PBXSourcesBuildPhase section */

/* Begin PBXVariantGroup section */
		14B82F9C29FA85940085FCAB /* Main.storyboard */ = {
			isa = PBXVariantGroup;
			children = (
				14B82F9D29FA85940085FCAB /* Base */,
			);
			name = Main.storyboard;
			sourceTree = "<group>";
		};
		14B82FA129FA85960085FCAB /* LaunchScreen.storyboard */ = {
			isa = PBXVariantGroup;
			children = (
				14B82FA229FA85960085FCAB /* Base */,
			);
			name = LaunchScreen.storyboard;
			sourceTree = "<group>";
		};
/* End PBXVariantGroup section */

/* Begin XCBuildConfiguration section */
		14B82FA529FA85960085FCAB /* Debug */ = {
			isa = XCBuildConfiguration;
			buildSettings = {
				ALWAYS_SEARCH_USER_PATHS = NO;
				CLANG_ANALYZER_NONNULL = YES;
				CLANG_ANALYZER_NUMBER_OBJECT_CONVERSION = YES_AGGRESSIVE;
				CLANG_CXX_LANGUAGE_STANDARD = "gnu++20";
				CLANG_ENABLE_MODULES = YES;
				CLANG_ENABLE_OBJC_ARC = YES;
				CLANG_ENABLE_OBJC_WEAK = YES;
				CLANG_WARN_BLOCK_CAPTURE_AUTORELEASING = YES;
				CLANG_WARN_BOOL_CONVERSION = YES;
				CLANG_WARN_COMMA = YES;
				CLANG_WARN_CONSTANT_CONVERSION = YES;
				CLANG_WARN_DEPRECATED_OBJC_IMPLEMENTATIONS = YES;
				CLANG_WARN_DIRECT_OBJC_ISA_USAGE = YES_ERROR;
				CLANG_WARN_DOCUMENTATION_COMMENTS = YES;
				CLANG_WARN_EMPTY_BODY = YES;
				CLANG_WARN_ENUM_CONVERSION = YES;
				CLANG_WARN_INFINITE_RECURSION = YES;
				CLANG_WARN_INT_CONVERSION = YES;
				CLANG_WARN_NON_LITERAL_NULL_CONVERSION = YES;
				CLANG_WARN_OBJC_IMPLICIT_RETAIN_SELF = YES;
				CLANG_WARN_OBJC_LITERAL_CONVERSION = YES;
				CLANG_WARN_OBJC_ROOT_CLASS = YES_ERROR;
				CLANG_WARN_QUOTED_INCLUDE_IN_FRAMEWORK_HEADER = YES;
				CLANG_WARN_RANGE_LOOP_ANALYSIS = YES;
				CLANG_WARN_STRICT_PROTOTYPES = YES;
				CLANG_WARN_SUSPICIOUS_MOVE = YES;
				CLANG_WARN_UNGUARDED_AVAILABILITY = YES_AGGRESSIVE;
				CLANG_WARN_UNREACHABLE_CODE = YES;
				CLANG_WARN__DUPLICATE_METHOD_MATCH = YES;
				COPY_PHASE_STRIP = NO;
				DEBUG_INFORMATION_FORMAT = dwarf;
				ENABLE_STRICT_OBJC_MSGSEND = YES;
				ENABLE_TESTABILITY = YES;
				GCC_C_LANGUAGE_STANDARD = gnu11;
				GCC_DYNAMIC_NO_PIC = NO;
				GCC_NO_COMMON_BLOCKS = YES;
				GCC_OPTIMIZATION_LEVEL = 0;
				GCC_PREPROCESSOR_DEFINITIONS = (
					"DEBUG=1",
					"$(inherited)",
				);
				GCC_WARN_64_TO_32_BIT_CONVERSION = YES;
				GCC_WARN_ABOUT_RETURN_TYPE = YES_ERROR;
				GCC_WARN_UNDECLARED_SELECTOR = YES;
				GCC_WARN_UNINITIALIZED_AUTOS = YES_AGGRESSIVE;
				GCC_WARN_UNUSED_FUNCTION = YES;
				GCC_WARN_UNUSED_VARIABLE = YES;
				IPHONEOS_DEPLOYMENT_TARGET = 16.2;
				MTL_ENABLE_DEBUG_INFO = INCLUDE_SOURCE;
				MTL_FAST_MATH = YES;
				ONLY_ACTIVE_ARCH = YES;
				SDKROOT = iphoneos;
				SWIFT_ACTIVE_COMPILATION_CONDITIONS = DEBUG;
				SWIFT_OPTIMIZATION_LEVEL = "-Onone";
			};
			name = Debug;
		};
		14B82FA629FA85960085FCAB /* Release */ = {
			isa = XCBuildConfiguration;
			buildSettings = {
				ALWAYS_SEARCH_USER_PATHS = NO;
				CLANG_ANALYZER_NONNULL = YES;
				CLANG_ANALYZER_NUMBER_OBJECT_CONVERSION = YES_AGGRESSIVE;
				CLANG_CXX_LANGUAGE_STANDARD = "gnu++20";
				CLANG_ENABLE_MODULES = YES;
				CLANG_ENABLE_OBJC_ARC = YES;
				CLANG_ENABLE_OBJC_WEAK = YES;
				CLANG_WARN_BLOCK_CAPTURE_AUTORELEASING = YES;
				CLANG_WARN_BOOL_CONVERSION = YES;
				CLANG_WARN_COMMA = YES;
				CLANG_WARN_CONSTANT_CONVERSION = YES;
				CLANG_WARN_DEPRECATED_OBJC_IMPLEMENTATIONS = YES;
				CLANG_WARN_DIRECT_OBJC_ISA_USAGE = YES_ERROR;
				CLANG_WARN_DOCUMENTATION_COMMENTS = YES;
				CLANG_WARN_EMPTY_BODY = YES;
				CLANG_WARN_ENUM_CONVERSION = YES;
				CLANG_WARN_INFINITE_RECURSION = YES;
				CLANG_WARN_INT_CONVERSION = YES;
				CLANG_WARN_NON_LITERAL_NULL_CONVERSION = YES;
				CLANG_WARN_OBJC_IMPLICIT_RETAIN_SELF = YES;
				CLANG_WARN_OBJC_LITERAL_CONVERSION = YES;
				CLANG_WARN_OBJC_ROOT_CLASS = YES_ERROR;
				CLANG_WARN_QUOTED_INCLUDE_IN_FRAMEWORK_HEADER = YES;
				CLANG_WARN_RANGE_LOOP_ANALYSIS = YES;
				CLANG_WARN_STRICT_PROTOTYPES = YES;
				CLANG_WARN_SUSPICIOUS_MOVE = YES;
				CLANG_WARN_UNGUARDED_AVAILABILITY = YES_AGGRESSIVE;
				CLANG_WARN_UNREACHABLE_CODE = YES;
				CLANG_WARN__DUPLICATE_METHOD_MATCH = YES;
				COPY_PHASE_STRIP = NO;
				DEBUG_INFORMATION_FORMAT = "dwarf-with-dsym";
				ENABLE_NS_ASSERTIONS = NO;
				ENABLE_STRICT_OBJC_MSGSEND = YES;
				GCC_C_LANGUAGE_STANDARD = gnu11;
				GCC_NO_COMMON_BLOCKS = YES;
				GCC_WARN_64_TO_32_BIT_CONVERSION = YES;
				GCC_WARN_ABOUT_RETURN_TYPE = YES_ERROR;
				GCC_WARN_UNDECLARED_SELECTOR = YES;
				GCC_WARN_UNINITIALIZED_AUTOS = YES_AGGRESSIVE;
				GCC_WARN_UNUSED_FUNCTION = YES;
				GCC_WARN_UNUSED_VARIABLE = YES;
				IPHONEOS_DEPLOYMENT_TARGET = 16.2;
				MTL_ENABLE_DEBUG_INFO = NO;
				MTL_FAST_MATH = YES;
				SDKROOT = iphoneos;
				SWIFT_COMPILATION_MODE = wholemodule;
				SWIFT_OPTIMIZATION_LEVEL = "-O";
				VALIDATE_PRODUCT = YES;
			};
			name = Release;
		};
		14B82FA829FA85960085FCAB /* Debug */ = {
			isa = XCBuildConfiguration;
			baseConfigurationReference = 7C966A2E49EB4EF34FB66509 /* Pods-tweetSenti.debug.xcconfig */;
			buildSettings = {
				ASSETCATALOG_COMPILER_APPICON_NAME = AppIcon;
				ASSETCATALOG_COMPILER_GLOBAL_ACCENT_COLOR_NAME = AccentColor;
				CODE_SIGN_STYLE = Automatic;
				CURRENT_PROJECT_VERSION = 1;
				DEVELOPMENT_TEAM = 873GG57D8S;
				GCC_NO_COMMON_BLOCKS = YES;
				GENERATE_INFOPLIST_FILE = YES;
				INFOPLIST_FILE = tweetSenti/Info.plist;
				INFOPLIST_KEY_UIApplicationSupportsIndirectInputEvents = YES;
				INFOPLIST_KEY_UILaunchStoryboardName = LaunchScreen;
				INFOPLIST_KEY_UIMainStoryboardFile = Main;
				INFOPLIST_KEY_UISupportedInterfaceOrientations_iPad = "UIInterfaceOrientationPortrait UIInterfaceOrientationPortraitUpsideDown UIInterfaceOrientationLandscapeLeft UIInterfaceOrientationLandscapeRight";
				INFOPLIST_KEY_UISupportedInterfaceOrientations_iPhone = "UIInterfaceOrientationPortrait UIInterfaceOrientationLandscapeLeft UIInterfaceOrientationLandscapeRight";
				LD_RUNPATH_SEARCH_PATHS = (
					"$(inherited)",
					"@executable_path/Frameworks",
				);
				MARKETING_VERSION = 1.0;
				PRODUCT_BUNDLE_IDENTIFIER = com.adithyahnair.tweetSenti;
				PRODUCT_NAME = "$(TARGET_NAME)";
				SWIFT_EMIT_LOC_STRINGS = YES;
				SWIFT_VERSION = 5.0;
				TARGETED_DEVICE_FAMILY = "1,2";
			};
			name = Debug;
		};
		14B82FA929FA85960085FCAB /* Release */ = {
			isa = XCBuildConfiguration;
			baseConfigurationReference = 78D5A1033117F6F2FA482813 /* Pods-tweetSenti.release.xcconfig */;
			buildSettings = {
				ASSETCATALOG_COMPILER_APPICON_NAME = AppIcon;
				ASSETCATALOG_COMPILER_GLOBAL_ACCENT_COLOR_NAME = AccentColor;
				CODE_SIGN_STYLE = Automatic;
				CURRENT_PROJECT_VERSION = 1;
				DEVELOPMENT_TEAM = 873GG57D8S;
				GCC_NO_COMMON_BLOCKS = YES;
				GENERATE_INFOPLIST_FILE = YES;
				INFOPLIST_FILE = tweetSenti/Info.plist;
				INFOPLIST_KEY_UIApplicationSupportsIndirectInputEvents = YES;
				INFOPLIST_KEY_UILaunchStoryboardName = LaunchScreen;
				INFOPLIST_KEY_UIMainStoryboardFile = Main;
				INFOPLIST_KEY_UISupportedInterfaceOrientations_iPad = "UIInterfaceOrientationPortrait UIInterfaceOrientationPortraitUpsideDown UIInterfaceOrientationLandscapeLeft UIInterfaceOrientationLandscapeRight";
				INFOPLIST_KEY_UISupportedInterfaceOrientations_iPhone = "UIInterfaceOrientationPortrait UIInterfaceOrientationLandscapeLeft UIInterfaceOrientationLandscapeRight";
				LD_RUNPATH_SEARCH_PATHS = (
					"$(inherited)",
					"@executable_path/Frameworks",
				);
				MARKETING_VERSION = 1.0;
				PRODUCT_BUNDLE_IDENTIFIER = com.adithyahnair.tweetSenti;
				PRODUCT_NAME = "$(TARGET_NAME)";
				SWIFT_EMIT_LOC_STRINGS = YES;
				SWIFT_VERSION = 5.0;
				TARGETED_DEVICE_FAMILY = "1,2";
			};
			name = Release;
		};
/* End XCBuildConfiguration section */

/* Begin XCConfigurationList section */
		14B82F8E29FA85940085FCAB /* Build configuration list for PBXProject "tweetSenti" */ = {
			isa = XCConfigurationList;
			buildConfigurations = (
				14B82FA529FA85960085FCAB /* Debug */,
				14B82FA629FA85960085FCAB /* Release */,
			);
			defaultConfigurationIsVisible = 0;
			defaultConfigurationName = Release;
		};
		14B82FA729FA85960085FCAB /* Build configuration list for PBXNativeTarget "tweetSenti" */ = {
			isa = XCConfigurationList;
			buildConfigurations = (
				14B82FA829FA85960085FCAB /* Debug */,
				14B82FA929FA85960085FCAB /* Release */,
			);
			defaultConfigurationIsVisible = 0;
			defaultConfigurationName = Release;
		};
/* End XCConfigurationList section */
	};
	rootObject = 14B82F8B29FA85940085FCAB /* Project object */;
}
